{
  "name": "calculator",
  "version": "1.0.0",
  "lockfileVersion": 3,
  "requires": true,
  "packages": {
    "": {
      "name": "calculator",
      "version": "1.0.0",
      "license": "ISC",
      "dependencies": {
        "original-plus-minus": "^1.0.0",
        "original-sum-several-times": "^1.0.0"
      }
    },
    "node_modules/original-plus-minus": {
      "version": "1.0.0",
      "resolved": "https://registry.npmjs.org/original-plus-minus/-/original-plus-minus-1.0.0.tgz",
      "integrity": "sha512-qOCYkq3DWaLQ1yks60CSgHX89FoKd10jJKxbfucdk3Bs1XZQSHnTvYaGjlsxIY5nJs8fBmxlhwu9Tr6o8bm+fg=="
    },
    "node_modules/original-sum-several-times": {
      "version": "1.0.0",
      "resolved": "https://registry.npmjs.org/original-sum-several-times/-/original-sum-several-times-1.0.0.tgz",
      "integrity": "sha512-qzCEyCTqUNiTMNRJqBaJj6VU+9FUgYQkSFTt0udhkO9ro2xcWs9yzWLGVVuPKZH+UOJDSmP0U4+Aucdif/A8Ow==",
      "dependencies": {
        "original-plus-minus": "^1.0.0"
      }
    }
  }
}
